
Microsoft Visual Studio Solution File, Format Version 12.00
# Visual Studio Version 17
VisualStudioVersion = 17.2.32630.192
MinimumVisualStudioVersion = 10.0.40219.1
Project("{FAE04EC0-301F-11D3-BF4B-00C04F79EFBC}") = "Calculations", "..\Unit Test Learning\Calculations\Calculations.csproj", "{AAA587FD-302D-46EC-9DF8-74A7709A12F4}"
EndProject
Project("{FAE04EC0-301F-11D3-BF4B-00C04F79EFBC}") = "Calculations.Tests", "..\Unit Test Learning\Calculations.Tests\Calculations.Tests.csproj", "{F666B7BA-7EDC-44F7-AF3A-FF9E482BEF02}"
EndProject
Global
	GlobalSection(SolutionConfigurationPlatforms) = preSolution
		Debug|Any CPU = Debug|Any CPU
		Release|Any CPU = Release|Any CPU
	EndGlobalSection
	GlobalSection(ProjectConfigurationPlatforms) = postSolution
		{AAA587FD-302D-46EC-9DF8-74A7709A12F4}.Debug|Any CPU.ActiveCfg = Debug|Any CPU
		{AAA587FD-302D-46EC-9DF8-74A7709A12F4}.Debug|Any CPU.Build.0 = Debug|Any CPU
		{AAA587FD-302D-46EC-9DF8-74A7709A12F4}.Release|Any CPU.ActiveCfg = Release|Any CPU
		{AAA587FD-302D-46EC-9DF8-74A7709A12F4}.Release|Any CPU.Build.0 = Release|Any CPU
		{F666B7BA-7EDC-44F7-AF3A-FF9E482BEF02}.Debug|Any CPU.ActiveCfg = Debug|Any CPU
		{F666B7BA-7EDC-44F7-AF3A-FF9E482BEF02}.Debug|Any CPU.Build.0 = Debug|Any CPU
		{F666B7BA-7EDC-44F7-AF3A-FF9E482BEF02}.Release|Any CPU.ActiveCfg = Release|Any CPU
		{F666B7BA-7EDC-44F7-AF3A-FF9E482BEF02}.Release|Any CPU.Build.0 = Release|Any CPU
	EndGlobalSection
	GlobalSection(SolutionProperties) = preSolution
		HideSolutionNode = FALSE
	EndGlobalSection
	GlobalSection(ExtensibilityGlobals) = postSolution
		SolutionGuid = {3979AA52-2C2F-455A-91C5-9D0FD12CD40C}
	EndGlobalSection
EndGlobal
